// !$*UTF8*$!
{
	archiveVersion = 1;
	classes = {
	};
	objectVersion = 56;
	objects = {

/* Begin PBXBuildFile section */
		D43723302A88F07900912A1D /* VerifiedUserApp.swift in Sources */ = {isa = PBXBuildFile; fileRef = D437232F2A88F07900912A1D /* VerifiedUserApp.swift */; };
		D43723322A88F07900912A1D /* ContentView.swift in Sources */ = {isa = PBXBuildFile; fileRef = D43723312A88F07900912A1D /* ContentView.swift */; };
		D43723342A88F07A00912A1D /* Assets.xcassets in Resources */ = {isa = PBXBuildFile; fileRef = D43723332A88F07A00912A1D /* Assets.xcassets */; };
		D43723372A88F07A00912A1D /* Preview Assets.xcassets in Resources */ = {isa = PBXBuildFile; fileRef = D43723362A88F07A00912A1D /* Preview Assets.xcassets */; };
		D43723412A88F07A00912A1D /* VerifiedUserTests.swift in Sources */ = {isa = PBXBuildFile; fileRef = D43723402A88F07A00912A1D /* VerifiedUserTests.swift */; };
		D437234B2A88F07A00912A1D /* VerifiedUserUITests.swift in Sources */ = {isa = PBXBuildFile; fileRef = D437234A2A88F07A00912A1D /* VerifiedUserUITests.swift */; };
		D437234D2A88F07A00912A1D /* VerifiedUserUITestsLaunchTests.swift in Sources */ = {isa = PBXBuildFile; fileRef = D437234C2A88F07A00912A1D /* VerifiedUserUITestsLaunchTests.swift */; };
		D4EF5D002A88FE9800858030 /* Verified.swift in Sources */ = {isa = PBXBuildFile; fileRef = D4EF5CFF2A88FE9800858030 /* Verified.swift */; };
		D4EF5D022A89032900858030 /* SortByName.swift in Sources */ = {isa = PBXBuildFile; fileRef = D4EF5D012A89032900858030 /* SortByName.swift */; };
/* End PBXBuildFile section */

/* Begin PBXContainerItemProxy section */
		D437233D2A88F07A00912A1D /* PBXContainerItemProxy */ = {
			isa = PBXContainerItemProxy;
			containerPortal = D43723242A88F07900912A1D /* Project object */;
			proxyType = 1;
			remoteGlobalIDString = D437232B2A88F07900912A1D;
			remoteInfo = VerifiedUser;
		};
		D43723472A88F07A00912A1D /* PBXContainerItemProxy */ = {
			isa = PBXContainerItemProxy;
			containerPortal = D43723242A88F07900912A1D /* Project object */;
			proxyType = 1;
			remoteGlobalIDString = D437232B2A88F07900912A1D;
			remoteInfo = VerifiedUser;
		};
/* End PBXContainerItemProxy section */

/* Begin PBXFileReference section */
		D437232C2A88F07900912A1D /* VerifiedUser.app */ = {isa = PBXFileReference; explicitFileType = wrapper.application; includeInIndex = 0; path = VerifiedUser.app; sourceTree = BUILT_PRODUCTS_DIR; };
		D437232F2A88F07900912A1D /* VerifiedUserApp.swift */ = {isa = PBXFileReference; lastKnownFileType = sourcecode.swift; path = VerifiedUserApp.swift; sourceTree = "<group>"; };
		D43723312A88F07900912A1D /* ContentView.swift */ = {isa = PBXFileReference; lastKnownFileType = sourcecode.swift; path = ContentView.swift; sourceTree = "<group>"; };
		D43723332A88F07A00912A1D /* Assets.xcassets */ = {isa = PBXFileReference; lastKnownFileType = folder.assetcatalog; path = Assets.xcassets; sourceTree = "<group>"; };
		D43723362A88F07A00912A1D /* Preview Assets.xcassets */ = {isa = PBXFileReference; lastKnownFileType = folder.assetcatalog; path = "Preview Assets.xcassets"; sourceTree = "<group>"; };
		D437233C2A88F07A00912A1D /* VerifiedUserTests.xctest */ = {isa = PBXFileReference; explicitFileType = wrapper.cfbundle; includeInIndex = 0; path = VerifiedUserTests.xctest; sourceTree = BUILT_PRODUCTS_DIR; };
		D43723402A88F07A00912A1D /* VerifiedUserTests.swift */ = {isa = PBXFileReference; lastKnownFileType = sourcecode.swift; path = VerifiedUserTests.swift; sourceTree = "<group>"; };
		D43723462A88F07A00912A1D /* VerifiedUserUITests.xctest */ = {isa = PBXFileReference; explicitFileType = wrapper.cfbundle; includeInIndex = 0; path = VerifiedUserUITests.xctest; sourceTree = BUILT_PRODUCTS_DIR; };
		D437234A2A88F07A00912A1D /* VerifiedUserUITests.swift */ = {isa = PBXFileReference; lastKnownFileType = sourcecode.swift; path = VerifiedUserUITests.swift; sourceTree = "<group>"; };
		D437234C2A88F07A00912A1D /* VerifiedUserUITestsLaunchTests.swift */ = {isa = PBXFileReference; lastKnownFileType = sourcecode.swift; path = VerifiedUserUITestsLaunchTests.swift; sourceTree = "<group>"; };
		D4EF5CFF2A88FE9800858030 /* Verified.swift */ = {isa = PBXFileReference; lastKnownFileType = sourcecode.swift; path = Verified.swift; sourceTree = "<group>"; };
		D4EF5D012A89032900858030 /* SortByName.swift */ = {isa = PBXFileReference; lastKnownFileType = sourcecode.swift; path = SortByName.swift; sourceTree = "<group>"; };
/* End PBXFileReference section */

/* Begin PBXFrameworksBuildPhase section */
		D43723292A88F07900912A1D /* Frameworks */ = {
			isa = PBXFrameworksBuildPhase;
			buildActionMask = 2147483647;
			files = (
			);
			runOnlyForDeploymentPostprocessing = 0;
		};
		D43723392A88F07A00912A1D /* Frameworks */ = {
			isa = PBXFrameworksBuildPhase;
			buildActionMask = 2147483647;
			files = (
			);
			runOnlyForDeploymentPostprocessing = 0;
		};
		D43723432A88F07A00912A1D /* Frameworks */ = {
			isa = PBXFrameworksBuildPhase;
			buildActionMask = 2147483647;
			files = (
			);
			runOnlyForDeploymentPostprocessing = 0;
		};
/* End PBXFrameworksBuildPhase section */

/* Begin PBXGroup section */
		D43723232A88F07900912A1D = {
			isa = PBXGroup;
			children = (
				D437232E2A88F07900912A1D /* VerifiedUser */,
				D437233F2A88F07A00912A1D /* VerifiedUserTests */,
				D43723492A88F07A00912A1D /* VerifiedUserUITests */,
				D437232D2A88F07900912A1D /* Products */,
			);
			sourceTree = "<group>";
		};
		D437232D2A88F07900912A1D /* Products */ = {
			isa = PBXGroup;
			children = (
				D437232C2A88F07900912A1D /* VerifiedUser.app */,
				D437233C2A88F07A00912A1D /* VerifiedUserTests.xctest */,
				D43723462A88F07A00912A1D /* VerifiedUserUITests.xctest */,
			);
			name = Products;
			sourceTree = "<group>";
		};
		D437232E2A88F07900912A1D /* VerifiedUser */ = {
			isa = PBXGroup;
			children = (
				D437232F2A88F07900912A1D /* VerifiedUserApp.swift */,
				D43723312A88F07900912A1D /* ContentView.swift */,
				D4EF5D012A89032900858030 /* SortByName.swift */,
				D4EF5CFF2A88FE9800858030 /* Verified.swift */,
				D43723332A88F07A00912A1D /* Assets.xcassets */,
				D43723352A88F07A00912A1D /* Preview Content */,
			);
			path = VerifiedUser;
			sourceTree = "<group>";
		};
		D43723352A88F07A00912A1D /* Preview Content */ = {
			isa = PBXGroup;
			children = (
				D43723362A88F07A00912A1D /* Preview Assets.xcassets */,
			);
			path = "Preview Content";
			sourceTree = "<group>";
		};
		D437233F2A88F07A00912A1D /* VerifiedUserTests */ = {
			isa = PBXGroup;
			children = (
				D43723402A88F07A00912A1D /* VerifiedUserTests.swift */,
			);
			path = VerifiedUserTests;
			sourceTree = "<group>";
		};
		D43723492A88F07A00912A1D /* VerifiedUserUITests */ = {
			isa = PBXGroup;
			children = (
				D437234A2A88F07A00912A1D /* VerifiedUserUITests.swift */,
				D437234C2A88F07A00912A1D /* VerifiedUserUITestsLaunchTests.swift */,
			);
			path = VerifiedUserUITests;
			sourceTree = "<group>";
		};
/* End PBXGroup section */

/* Begin PBXNativeTarget section */
		D437232B2A88F07900912A1D /* VerifiedUser */ = {
			isa = PBXNativeTarget;
			buildConfigurationList = D43723502A88F07A00912A1D /* Build configuration list for PBXNativeTarget "VerifiedUser" */;
			buildPhases = (
				D43723282A88F07900912A1D /* Sources */,
				D43723292A88F07900912A1D /* Frameworks */,
				D437232A2A88F07900912A1D /* Resources */,
			);
			buildRules = (
			);
			dependencies = (
			);
			name = VerifiedUser;
			productName = VerifiedUser;
			productReference = D437232C2A88F07900912A1D /* VerifiedUser.app */;
			productType = "com.apple.product-type.application";
		};
		D437233B2A88F07A00912A1D /* VerifiedUserTests */ = {
			isa = PBXNativeTarget;
			buildConfigurationList = D43723532A88F07A00912A1D /* Build configuration list for PBXNativeTarget "VerifiedUserTests" */;
			buildPhases = (
				D43723382A88F07A00912A1D /* Sources */,
				D43723392A88F07A00912A1D /* Frameworks */,
				D437233A2A88F07A00912A1D /* Resources */,
			);
			buildRules = (
			);
			dependencies = (
				D437233E2A88F07A00912A1D /* PBXTargetDependency */,
			);
			name = VerifiedUserTests;
			productName = VerifiedUserTests;
			productReference = D437233C2A88F07A00912A1D /* VerifiedUserTests.xctest */;
			productType = "com.apple.product-type.bundle.unit-test";
		};
		D43723452A88F07A00912A1D /* VerifiedUserUITests */ = {
			isa = PBXNativeTarget;
			buildConfigurationList = D43723562A88F07A00912A1D /* Build configuration list for PBXNativeTarget "VerifiedUserUITests" */;
			buildPhases = (
				D43723422A88F07A00912A1D /* Sources */,
				D43723432A88F07A00912A1D /* Frameworks */,
				D43723442A88F07A00912A1D /* Resources */,
			);
			buildRules = (
			);
			dependencies = (
				D43723482A88F07A00912A1D /* PBXTargetDependency */,
			);
			name = VerifiedUserUITests;
			productName = VerifiedUserUITests;
			productReference = D43723462A88F07A00912A1D /* VerifiedUserUITests.xctest */;
			productType = "com.apple.product-type.bundle.ui-testing";
		};
/* End PBXNativeTarget section */

/* Begin PBXProject section */
		D43723242A88F07900912A1D /* Project object */ = {
			isa = PBXProject;
			attributes = {
				BuildIndependentTargetsInParallel = 1;
				LastSwiftUpdateCheck = 1430;
				LastUpgradeCheck = 1430;
				TargetAttributes = {
					D437232B2A88F07900912A1D = {
						CreatedOnToolsVersion = 14.3.1;
					};
					D437233B2A88F07A00912A1D = {
						CreatedOnToolsVersion = 14.3.1;
						TestTargetID = D437232B2A88F07900912A1D;
					};
					D43723452A88F07A00912A1D = {
						CreatedOnToolsVersion = 14.3.1;
						TestTargetID = D437232B2A88F07900912A1D;
					};
				};
			};
			buildConfigurationList = D43723272A88F07900912A1D /* Build configuration list for PBXProject "VerifiedUser" */;
			compatibilityVersion = "Xcode 14.0";
			developmentRegion = en;
			hasScannedForEncodings = 0;
			knownRegions = (
				en,
				Base,
			);
			mainGroup = D43723232A88F07900912A1D;
			productRefGroup = D437232D2A88F07900912A1D /* Products */;
			projectDirPath = "";
			projectRoot = "";
			targets = (
				D437232B2A88F07900912A1D /* VerifiedUser */,
				D437233B2A88F07A00912A1D /* VerifiedUserTests */,
				D43723452A88F07A00912A1D /* VerifiedUserUITests */,
			);
		};
/* End PBXProject section */

/* Begin PBXResourcesBuildPhase section */
		D437232A2A88F07900912A1D /* Resources */ = {
			isa = PBXResourcesBuildPhase;
			buildActionMask = 2147483647;
			files = (
				D43723372A88F07A00912A1D /* Preview Assets.xcassets in Resources */,
				D43723342A88F07A00912A1D /* Assets.xcassets in Resources */,
			);
			runOnlyForDeploymentPostprocessing = 0;
		};
		D437233A2A88F07A00912A1D /* Resources */ = {
			isa = PBXResourcesBuildPhase;
			buildActionMask = 2147483647;
			files = (
			);
			runOnlyForDeploymentPostprocessing = 0;
		};
		D43723442A88F07A00912A1D /* Resources */ = {
			isa = PBXResourcesBuildPhase;
			buildActionMask = 2147483647;
			files = (
			);
			runOnlyForDeploymentPostprocessing = 0;
		};
/* End PBXResourcesBuildPhase section */

/* Begin PBXSourcesBuildPhase section */
		D43723282A88F07900912A1D /* Sources */ = {
			isa = PBXSourcesBuildPhase;
			buildActionMask = 2147483647;
			files = (
				D43723322A88F07900912A1D /* ContentView.swift in Sources */,
				D4EF5D002A88FE9800858030 /* Verified.swift in Sources */,
				D43723302A88F07900912A1D /* VerifiedUserApp.swift in Sources */,
				D4EF5D022A89032900858030 /* SortByName.swift in Sources */,
			);
			runOnlyForDeploymentPostprocessing = 0;
		};
		D43723382A88F07A00912A1D /* Sources */ = {
			isa = PBXSourcesBuildPhase;
			buildActionMask = 2147483647;
			files = (
				D43723412A88F07A00912A1D /* VerifiedUserTests.swift in Sources */,
			);
			runOnlyForDeploymentPostprocessing = 0;
		};
		D43723422A88F07A00912A1D /* Sources */ = {
			isa = PBXSourcesBuildPhase;
			buildActionMask = 2147483647;
			files = (
				D437234B2A88F07A00912A1D /* VerifiedUserUITests.swift in Sources */,
				D437234D2A88F07A00912A1D /* VerifiedUserUITestsLaunchTests.swift in Sources */,
			);
			runOnlyForDeploymentPostprocessing = 0;
		};
/* End PBXSourcesBuildPhase section */

/* Begin PBXTargetDependency section */
		D437233E2A88F07A00912A1D /* PBXTargetDependency */ = {
			isa = PBXTargetDependency;
			target = D437232B2A88F07900912A1D /* VerifiedUser */;
			targetProxy = D437233D2A88F07A00912A1D /* PBXContainerItemProxy */;
		};
		D43723482A88F07A00912A1D /* PBXTargetDependency */ = {
			isa = PBXTargetDependency;
			target = D437232B2A88F07900912A1D /* VerifiedUser */;
			targetProxy = D43723472A88F07A00912A1D /* PBXContainerItemProxy */;
		};
/* End PBXTargetDependency section */

/* Begin XCBuildConfiguration section */
		D437234E2A88F07A00912A1D /* Debug */ = {
			isa = XCBuildConfiguration;
			buildSettings = {
				ALWAYS_SEARCH_USER_PATHS = NO;
				CLANG_ANALYZER_NONNULL = YES;
				CLANG_ANALYZER_NUMBER_OBJECT_CONVERSION = YES_AGGRESSIVE;
				CLANG_CXX_LANGUAGE_STANDARD = "gnu++20";
				CLANG_ENABLE_MODULES = YES;
				CLANG_ENABLE_OBJC_ARC = YES;
				CLANG_ENABLE_OBJC_WEAK = YES;
				CLANG_WARN_BLOCK_CAPTURE_AUTORELEASING = YES;
				CLANG_WARN_BOOL_CONVERSION = YES;
				CLANG_WARN_COMMA = YES;
				CLANG_WARN_CONSTANT_CONVERSION = YES;
				CLANG_WARN_DEPRECATED_OBJC_IMPLEMENTATIONS = YES;
				CLANG_WARN_DIRECT_OBJC_ISA_USAGE = YES_ERROR;
				CLANG_WARN_DOCUMENTATION_COMMENTS = YES;
				CLANG_WARN_EMPTY_BODY = YES;
				CLANG_WARN_ENUM_CONVERSION = YES;
				CLANG_WARN_INFINITE_RECURSION = YES;
				CLANG_WARN_INT_CONVERSION = YES;
				CLANG_WARN_NON_LITERAL_NULL_CONVERSION = YES;
				CLANG_WARN_OBJC_IMPLICIT_RETAIN_SELF = YES;
				CLANG_WARN_OBJC_LITERAL_CONVERSION = YES;
				CLANG_WARN_OBJC_ROOT_CLASS = YES_ERROR;
				CLANG_WARN_QUOTED_INCLUDE_IN_FRAMEWORK_HEADER = YES;
				CLANG_WARN_RANGE_LOOP_ANALYSIS = YES;
				CLANG_WARN_STRICT_PROTOTYPES = YES;
				CLANG_WARN_SUSPICIOUS_MOVE = YES;
				CLANG_WARN_UNGUARDED_AVAILABILITY = YES_AGGRESSIVE;
				CLANG_WARN_UNREACHABLE_CODE = YES;
				CLANG_WARN__DUPLICATE_METHOD_MATCH = YES;
				COPY_PHASE_STRIP = NO;
				DEBUG_INFORMATION_FORMAT = dwarf;
				ENABLE_STRICT_OBJC_MSGSEND = YES;
				ENABLE_TESTABILITY = YES;
				GCC_C_LANGUAGE_STANDARD = gnu11;
				GCC_DYNAMIC_NO_PIC = NO;
				GCC_NO_COMMON_BLOCKS = YES;
				GCC_OPTIMIZATION_LEVEL = 0;
				GCC_PREPROCESSOR_DEFINITIONS = (
					"DEBUG=1",
					"$(inherited)",
				);
				GCC_WARN_64_TO_32_BIT_CONVERSION = YES;
				GCC_WARN_ABOUT_RETURN_TYPE = YES_ERROR;
				GCC_WARN_UNDECLARED_SELECTOR = YES;
				GCC_WARN_UNINITIALIZED_AUTOS = YES_AGGRESSIVE;
				GCC_WARN_UNUSED_FUNCTION = YES;
				GCC_WARN_UNUSED_VARIABLE = YES;
				IPHONEOS_DEPLOYMENT_TARGET = 16.4;
				MTL_ENABLE_DEBUG_INFO = INCLUDE_SOURCE;
				MTL_FAST_MATH = YES;
				ONLY_ACTIVE_ARCH = YES;
				SDKROOT = iphoneos;
				SWIFT_ACTIVE_COMPILATION_CONDITIONS = DEBUG;
				SWIFT_OPTIMIZATION_LEVEL = "-Onone";
			};
			name = Debug;
		};
		D437234F2A88F07A00912A1D /* Release */ = {
			isa = XCBuildConfiguration;
			buildSettings = {
				ALWAYS_SEARCH_USER_PATHS = NO;
				CLANG_ANALYZER_NONNULL = YES;
				CLANG_ANALYZER_NUMBER_OBJECT_CONVERSION = YES_AGGRESSIVE;
				CLANG_CXX_LANGUAGE_STANDARD = "gnu++20";
				CLANG_ENABLE_MODULES = YES;
				CLANG_ENABLE_OBJC_ARC = YES;
				CLANG_ENABLE_OBJC_WEAK = YES;
				CLANG_WARN_BLOCK_CAPTURE_AUTORELEASING = YES;
				CLANG_WARN_BOOL_CONVERSION = YES;
				CLANG_WARN_COMMA = YES;
				CLANG_WARN_CONSTANT_CONVERSION = YES;
				CLANG_WARN_DEPRECATED_OBJC_IMPLEMENTATIONS = YES;
				CLANG_WARN_DIRECT_OBJC_ISA_USAGE = YES_ERROR;
				CLANG_WARN_DOCUMENTATION_COMMENTS = YES;
				CLANG_WARN_EMPTY_BODY = YES;
				CLANG_WARN_ENUM_CONVERSION = YES;
				CLANG_WARN_INFINITE_RECURSION = YES;
				CLANG_WARN_INT_CONVERSION = YES;
				CLANG_WARN_NON_LITERAL_NULL_CONVERSION = YES;
				CLANG_WARN_OBJC_IMPLICIT_RETAIN_SELF = YES;
				CLANG_WARN_OBJC_LITERAL_CONVERSION = YES;
				CLANG_WARN_OBJC_ROOT_CLASS = YES_ERROR;
				CLANG_WARN_QUOTED_INCLUDE_IN_FRAMEWORK_HEADER = YES;
				CLANG_WARN_RANGE_LOOP_ANALYSIS = YES;
				CLANG_WARN_STRICT_PROTOTYPES = YES;
				CLANG_WARN_SUSPICIOUS_MOVE = YES;
				CLANG_WARN_UNGUARDED_AVAILABILITY = YES_AGGRESSIVE;
				CLANG_WARN_UNREACHABLE_CODE = YES;
				CLANG_WARN__DUPLICATE_METHOD_MATCH = YES;
				COPY_PHASE_STRIP = NO;
				DEBUG_INFORMATION_FORMAT = "dwarf-with-dsym";
				ENABLE_NS_ASSERTIONS = NO;
				ENABLE_STRICT_OBJC_MSGSEND = YES;
				GCC_C_LANGUAGE_STANDARD = gnu11;
				GCC_NO_COMMON_BLOCKS = YES;
				GCC_WARN_64_TO_32_BIT_CONVERSION = YES;
				GCC_WARN_ABOUT_RETURN_TYPE = YES_ERROR;
				GCC_WARN_UNDECLARED_SELECTOR = YES;
				GCC_WARN_UNINITIALIZED_AUTOS = YES_AGGRESSIVE;
				GCC_WARN_UNUSED_FUNCTION = YES;
				GCC_WARN_UNUSED_VARIABLE = YES;
				IPHONEOS_DEPLOYMENT_TARGET = 16.4;
				MTL_ENABLE_DEBUG_INFO = NO;
				MTL_FAST_MATH = YES;
				SDKROOT = iphoneos;
				SWIFT_COMPILATION_MODE = wholemodule;
				SWIFT_OPTIMIZATION_LEVEL = "-O";
				VALIDATE_PRODUCT = YES;
			};
			name = Release;
		};
		D43723512A88F07A00912A1D /* Debug */ = {
			isa = XCBuildConfiguration;
			buildSettings = {
				ASSETCATALOG_COMPILER_APPICON_NAME = AppIcon;
				ASSETCATALOG_COMPILER_GLOBAL_ACCENT_COLOR_NAME = AccentColor;
				CODE_SIGN_STYLE = Automatic;
				CURRENT_PROJECT_VERSION = 1;
				DEVELOPMENT_ASSET_PATHS = "\"VerifiedUser/Preview Content\"";
				ENABLE_PREVIEWS = YES;
				GENERATE_INFOPLIST_FILE = YES;
				INFOPLIST_KEY_UIApplicationSceneManifest_Generation = YES;
				INFOPLIST_KEY_UIApplicationSupportsIndirectInputEvents = YES;
				INFOPLIST_KEY_UILaunchScreen_Generation = YES;
				INFOPLIST_KEY_UISupportedInterfaceOrientations_iPad = "UIInterfaceOrientationPortrait UIInterfaceOrientationPortraitUpsideDown UIInterfaceOrientationLandscapeLeft UIInterfaceOrientationLandscapeRight";
				INFOPLIST_KEY_UISupportedInterfaceOrientations_iPhone = "UIInterfaceOrientationPortrait UIInterfaceOrientationLandscapeLeft UIInterfaceOrientationLandscapeRight";
				LD_RUNPATH_SEARCH_PATHS = (
					"$(inherited)",
					"@executable_path/Frameworks",
				);
				MARKETING_VERSION = 1.0;
				PRODUCT_BUNDLE_IDENTIFIER = eyh.com.VerifiedUser;
				PRODUCT_NAME = "$(TARGET_NAME)";
				SWIFT_EMIT_LOC_STRINGS = YES;
				SWIFT_VERSION = 5.0;
				TARGETED_DEVICE_FAMILY = "1,2";
			};
			name = Debug;
		};
		D43723522A88F07A00912A1D /* Release */ = {
			isa = XCBuildConfiguration;
			buildSettings = {
				ASSETCATALOG_COMPILER_APPICON_NAME = AppIcon;
				ASSETCATALOG_COMPILER_GLOBAL_ACCENT_COLOR_NAME = AccentColor;
				CODE_SIGN_STYLE = Automatic;
				CURRENT_PROJECT_VERSION = 1;
				DEVELOPMENT_ASSET_PATHS = "\"VerifiedUser/Preview Content\"";
				ENABLE_PREVIEWS = YES;
				GENERATE_INFOPLIST_FILE = YES;
				INFOPLIST_KEY_UIApplicationSceneManifest_Generation = YES;
				INFOPLIST_KEY_UIApplicationSupportsIndirectInputEvents = YES;
				INFOPLIST_KEY_UILaunchScreen_Generation = YES;
				INFOPLIST_KEY_UISupportedInterfaceOrientations_iPad = "UIInterfaceOrientationPortrait UIInterfaceOrientationPortraitUpsideDown UIInterfaceOrientationLandscapeLeft UIInterfaceOrientationLandscapeRight";
				INFOPLIST_KEY_UISupportedInterfaceOrientations_iPhone = "UIInterfaceOrientationPortrait UIInterfaceOrientationLandscapeLeft UIInterfaceOrientationLandscapeRight";
				LD_RUNPATH_SEARCH_PATHS = (
					"$(inherited)",
					"@executable_path/Frameworks",
				);
				MARKETING_VERSION = 1.0;
				PRODUCT_BUNDLE_IDENTIFIER = eyh.com.VerifiedUser;
				PRODUCT_NAME = "$(TARGET_NAME)";
				SWIFT_EMIT_LOC_STRINGS = YES;
				SWIFT_VERSION = 5.0;
				TARGETED_DEVICE_FAMILY = "1,2";
			};
			name = Release;
		};
		D43723542A88F07A00912A1D /* Debug */ = {
			isa = XCBuildConfiguration;
			buildSettings = {
				ALWAYS_EMBED_SWIFT_STANDARD_LIBRARIES = YES;
				BUNDLE_LOADER = "$(TEST_HOST)";
				CODE_SIGN_STYLE = Automatic;
				CURRENT_PROJECT_VERSION = 1;
				GENERATE_INFOPLIST_FILE = YES;
				IPHONEOS_DEPLOYMENT_TARGET = 16.4;
				MARKETING_VERSION = 1.0;
				PRODUCT_BUNDLE_IDENTIFIER = eyh.com.VerifiedUserTests;
				PRODUCT_NAME = "$(TARGET_NAME)";
				SWIFT_EMIT_LOC_STRINGS = NO;
				SWIFT_VERSION = 5.0;
				TARGETED_DEVICE_FAMILY = "1,2";
				TEST_HOST = "$(BUILT_PRODUCTS_DIR)/VerifiedUser.app/$(BUNDLE_EXECUTABLE_FOLDER_PATH)/VerifiedUser";
			};
			name = Debug;
		};
		D43723552A88F07A00912A1D /* Release */ = {
			isa = XCBuildConfiguration;
			buildSettings = {
				ALWAYS_EMBED_SWIFT_STANDARD_LIBRARIES = YES;
				BUNDLE_LOADER = "$(TEST_HOST)";
				CODE_SIGN_STYLE = Automatic;
				CURRENT_PROJECT_VERSION = 1;
				GENERATE_INFOPLIST_FILE = YES;
				IPHONEOS_DEPLOYMENT_TARGET = 16.4;
				MARKETING_VERSION = 1.0;
				PRODUCT_BUNDLE_IDENTIFIER = eyh.com.VerifiedUserTests;
				PRODUCT_NAME = "$(TARGET_NAME)";
				SWIFT_EMIT_LOC_STRINGS = NO;
				SWIFT_VERSION = 5.0;
				TARGETED_DEVICE_FAMILY = "1,2";
				TEST_HOST = "$(BUILT_PRODUCTS_DIR)/VerifiedUser.app/$(BUNDLE_EXECUTABLE_FOLDER_PATH)/VerifiedUser";
			};
			name = Release;
		};
		D43723572A88F07A00912A1D /* Debug */ = {
			isa = XCBuildConfiguration;
			buildSettings = {
				ALWAYS_EMBED_SWIFT_STANDARD_LIBRARIES = YES;
				CODE_SIGN_STYLE = Automatic;
				CURRENT_PROJECT_VERSION = 1;
				GENERATE_INFOPLIST_FILE = YES;
				MARKETING_VERSION = 1.0;
				PRODUCT_BUNDLE_IDENTIFIER = eyh.com.VerifiedUserUITests;
				PRODUCT_NAME = "$(TARGET_NAME)";
				SWIFT_EMIT_LOC_STRINGS = NO;
				SWIFT_VERSION = 5.0;
				TARGETED_DEVICE_FAMILY = "1,2";
				TEST_TARGET_NAME = VerifiedUser;
			};
			name = Debug;
		};
		D43723582A88F07A00912A1D /* Release */ = {
			isa = XCBuildConfiguration;
			buildSettings = {
				ALWAYS_EMBED_SWIFT_STANDARD_LIBRARIES = YES;
				CODE_SIGN_STYLE = Automatic;
				CURRENT_PROJECT_VERSION = 1;
				GENERATE_INFOPLIST_FILE = YES;
				MARKETING_VERSION = 1.0;
				PRODUCT_BUNDLE_IDENTIFIER = eyh.com.VerifiedUserUITests;
				PRODUCT_NAME = "$(TARGET_NAME)";
				SWIFT_EMIT_LOC_STRINGS = NO;
				SWIFT_VERSION = 5.0;
				TARGETED_DEVICE_FAMILY = "1,2";
				TEST_TARGET_NAME = VerifiedUser;
			};
			name = Release;
		};
/* End XCBuildConfiguration section */

/* Begin XCConfigurationList section */
		D43723272A88F07900912A1D /* Build configuration list for PBXProject "VerifiedUser" */ = {
			isa = XCConfigurationList;
			buildConfigurations = (
				D437234E2A88F07A00912A1D /* Debug */,
				D437234F2A88F07A00912A1D /* Release */,
			);
			defaultConfigurationIsVisible = 0;
			defaultConfigurationName = Release;
		};
		D43723502A88F07A00912A1D /* Build configuration list for PBXNativeTarget "VerifiedUser" */ = {
			isa = XCConfigurationList;
			buildConfigurations = (
				D43723512A88F07A00912A1D /* Debug */,
				D43723522A88F07A00912A1D /* Release */,
			);
			defaultConfigurationIsVisible = 0;
			defaultConfigurationName = Release;
		};
		D43723532A88F07A00912A1D /* Build configuration list for PBXNativeTarget "VerifiedUserTests" */ = {
			isa = XCConfigurationList;
			buildConfigurations = (
				D43723542A88F07A00912A1D /* Debug */,
				D43723552A88F07A00912A1D /* Release */,
			);
			defaultConfigurationIsVisible = 0;
			defaultConfigurationName = Release;
		};
		D43723562A88F07A00912A1D /* Build configuration list for PBXNativeTarget "VerifiedUserUITests" */ = {
			isa = XCConfigurationList;
			buildConfigurations = (
				D43723572A88F07A00912A1D /* Debug */,
				D43723582A88F07A00912A1D /* Release */,
			);
			defaultConfigurationIsVisible = 0;
			defaultConfigurationName = Release;
		};
/* End XCConfigurationList section */
	};
	rootObject = D43723242A88F07900912A1D /* Project object */;
}
